{
  "name": "@sinclair/hammer",
  "version": "0.17.0",
  "lockfileVersion": 2,
  "requires": true,
  "packages": {
    "": {
      "name": "@sinclair/hammer",
      "version": "0.17.0",
      "license": "MIT",
      "dependencies": {
        "@sinclair/hammer": "^0.17.0",
        "esbuild": "^0.14.53"
      },
      "bin": {
        "hammer": "hammer"
      },
      "devDependencies": {
        "@types/node": "^14.14.41",
        "prettier": "^2.7.1",
        "smoke-run": "^1.4.0",
        "smoke-task": "^1.1.4",
        "typescript": "^4.2.4"
      }
    },
    "node_modules/@sinclair/hammer": {
      "version": "0.17.0",
      "resolved": "https://registry.npmjs.org/@sinclair/hammer/-/hammer-0.17.0.tgz",
      "integrity": "sha512-NJYOhkoHYP9WVM4bqZWYAkZ0QA6IkbCi3thk4OjUZyyJbT8RS97S7maReLMcrxUr7ynSEaOCtkPavQYdGfaqzA==",
      "dependencies": {
        "esbuild": "^0.14.53"
      },
      "bin": {
        "hammer": "hammer"
      }
    },
    "node_modules/@types/node": {
      "version": "14.14.44",
      "dev": true,
      "license": "MIT"
    },
    "node_modules/esbuild": {
      "version": "0.14.53",
      "hasInstallScript": true,
      "license": "MIT",
      "bin": {
        "esbuild": "bin/esbuild"
      },
      "engines": {
        "node": ">=12"
      },
      "optionalDependencies": {
        "@esbuild/linux-loong64": "0.14.53",
        "esbuild-android-64": "0.14.53",
        "esbuild-android-arm64": "0.14.53",
        "esbuild-darwin-64": "0.14.53",
        "esbuild-darwin-arm64": "0.14.53",
        "esbuild-freebsd-64": "0.14.53",
        "esbuild-freebsd-arm64": "0.14.53",
        "esbuild-linux-32": "0.14.53",
        "esbuild-linux-64": "0.14.53",
        "esbuild-linux-arm": "0.14.53",
        "esbuild-linux-arm64": "0.14.53",
        "esbuild-linux-mips64le": "0.14.53",
        "esbuild-linux-ppc64le": "0.14.53",
        "esbuild-linux-riscv64": "0.14.53",
        "esbuild-linux-s390x": "0.14.53",
        "esbuild-netbsd-64": "0.14.53",
        "esbuild-openbsd-64": "0.14.53",
        "esbuild-sunos-64": "0.14.53",
        "esbuild-windows-32": "0.14.53",
        "esbuild-windows-64": "0.14.53",
        "esbuild-windows-arm64": "0.14.53"
      }
    },
    "node_modules/esbuild-windows-64": {
      "version": "0.14.53",
      "cpu": [
        "x64"
      ],
      "license": "MIT",
      "optional": true,
      "os": [
        "win32"
      ],
      "engines": {
        "node": ">=12"
      }
    },
    "node_modules/prettier": {
      "version": "2.7.1",
      "dev": true,
      "license": "MIT",
      "bin": {
        "prettier": "bin-prettier.js"
      },
      "engines": {
        "node": ">=10.13.0"
      },
      "funding": {
        "url": "https://github.com/prettier/prettier?sponsor=1"
      }
    },
    "node_modules/smoke-run": {
      "version": "1.4.0",
      "dev": true,
      "license": "MIT",
      "bin": {
        "smoke-run": "smoke-run"
      }
    },
    "node_modules/smoke-task": {
      "version": "1.1.4",
      "dev": true,
      "license": "MIT",
      "bin": {
        "smoke-task": "start.js"
      }
    },
    "node_modules/typescript": {
      "version": "4.2.4",
      "dev": true,
      "license": "Apache-2.0",
      "bin": {
        "tsc": "bin/tsc",
        "tsserver": "bin/tsserver"
      },
      "engines": {
        "node": ">=4.2.0"
      }
    }
  },
  "dependencies": {
    "@sinclair/hammer": {
      "version": "0.17.0",
      "resolved": "https://registry.npmjs.org/@sinclair/hammer/-/hammer-0.17.0.tgz",
      "integrity": "sha512-NJYOhkoHYP9WVM4bqZWYAkZ0QA6IkbCi3thk4OjUZyyJbT8RS97S7maReLMcrxUr7ynSEaOCtkPavQYdGfaqzA==",
      "requires": {
        "esbuild": "^0.14.53"
      }
    },
    "@types/node": {
      "version": "14.14.44",
      "dev": true
    },
    "esbuild": {
      "version": "0.14.53",
      "requires": {
        "@esbuild/linux-loong64": "0.14.53",
        "esbuild-android-64": "0.14.53",
        "esbuild-android-arm64": "0.14.53",
        "esbuild-darwin-64": "0.14.53",
        "esbuild-darwin-arm64": "0.14.53",
        "esbuild-freebsd-64": "0.14.53",
        "esbuild-freebsd-arm64": "0.14.53",
        "esbuild-linux-32": "0.14.53",
        "esbuild-linux-64": "0.14.53",
        "esbuild-linux-arm": "0.14.53",
        "esbuild-linux-arm64": "0.14.53",
        "esbuild-linux-mips64le": "0.14.53",
        "esbuild-linux-ppc64le": "0.14.53",
        "esbuild-linux-riscv64": "0.14.53",
        "esbuild-linux-s390x": "0.14.53",
        "esbuild-netbsd-64": "0.14.53",
        "esbuild-openbsd-64": "0.14.53",
        "esbuild-sunos-64": "0.14.53",
        "esbuild-windows-32": "0.14.53",
        "esbuild-windows-64": "0.14.53",
        "esbuild-windows-arm64": "0.14.53"
      }
    },
    "esbuild-windows-64": {
      "version": "0.14.53",
      "optional": true
    },
    "prettier": {
      "version": "2.7.1",
      "dev": true
    },
    "smoke-run": {
      "version": "1.4.0",
      "dev": true
    },
    "smoke-task": {
      "version": "1.1.4",
      "dev": true
    },
    "typescript": {
      "version": "4.2.4",
      "dev": true
    }
  }
}
