{
  "name": "@sinclair/hammer",
  "version": "0.8.0",
  "lockfileVersion": 2,
  "requires": true,
  "packages": {
    "": {
      "name": "@sinclair/hammer",
      "version": "0.8.0",
      "license": "MIT",
      "dependencies": {
        "esbuild": "^0.11.9"
      },
      "bin": {
        "hammer": "hammer"
      },
      "devDependencies": {
        "@types/node": "^14.14.41",
        "smoke-run": "^1.4.0",
        "smoke-task": "^1.1.4",
        "typescript": "^4.2.4"
      }
    },
    "node_modules/@types/node": {
      "version": "14.14.41",
      "resolved": "https://registry.npmjs.org/@types/node/-/node-14.14.41.tgz",
      "integrity": "sha512-dueRKfaJL4RTtSa7bWeTK1M+VH+Gns73oCgzvYfHZywRCoPSd8EkXBL0mZ9unPTveBn+D9phZBaxuzpwjWkW0g==",
      "dev": true
    },
    "node_modules/esbuild": {
      "version": "0.11.12",
      "resolved": "https://registry.npmjs.org/esbuild/-/esbuild-0.11.12.tgz",
      "integrity": "sha512-c8cso/1RwVj+fbDvLtUgSG4ZJQ0y9Zdrl6Ot/GAjyy4pdMCHaFnDMts5gqFnWRPLajWtEnI+3hlET4R9fVoZng==",
      "hasInstallScript": true,
      "license": "MIT",
      "bin": {
        "esbuild": "bin/esbuild"
      }
    },
    "node_modules/smoke-run": {
      "version": "1.4.0",
      "resolved": "https://registry.npmjs.org/smoke-run/-/smoke-run-1.4.0.tgz",
      "integrity": "sha512-yPHCkKmaqQ4JPrFQSojTElK/bmtnPgoV89wodW8hKVMz93ZDHgN4X8k7R6Yeqt1/P5nD9ophszxeTjCSGze2pg==",
      "dev": true,
      "bin": {
        "smoke-run": "smoke-run"
      }
    },
    "node_modules/smoke-task": {
      "version": "1.1.4",
      "resolved": "https://registry.npmjs.org/smoke-task/-/smoke-task-1.1.4.tgz",
      "integrity": "sha512-BbgBKIbwg19bNt847PQgFJUgxPniPv6ETZ6u+yF8QSPfO+lfjNKpmjrrJgaUgbLDHT3iZ589kRqwg5rieTTTlA==",
      "dev": true,
      "bin": {
        "smoke-task": "start.js"
      }
    },
    "node_modules/typescript": {
      "version": "4.2.4",
      "resolved": "https://registry.npmjs.org/typescript/-/typescript-4.2.4.tgz",
      "integrity": "sha512-V+evlYHZnQkaz8TRBuxTA92yZBPotr5H+WhQ7bD3hZUndx5tGOa1fuCgeSjxAzM1RiN5IzvadIXTVefuuwZCRg==",
      "dev": true,
      "bin": {
        "tsc": "bin/tsc",
        "tsserver": "bin/tsserver"
      },
      "engines": {
        "node": ">=4.2.0"
      }
    }
  },
  "dependencies": {
    "@types/node": {
      "version": "14.14.41",
      "resolved": "https://registry.npmjs.org/@types/node/-/node-14.14.41.tgz",
      "integrity": "sha512-dueRKfaJL4RTtSa7bWeTK1M+VH+Gns73oCgzvYfHZywRCoPSd8EkXBL0mZ9unPTveBn+D9phZBaxuzpwjWkW0g==",
      "dev": true
    },
    "esbuild": {
      "version": "0.11.12",
      "resolved": "https://registry.npmjs.org/esbuild/-/esbuild-0.11.12.tgz",
      "integrity": "sha512-c8cso/1RwVj+fbDvLtUgSG4ZJQ0y9Zdrl6Ot/GAjyy4pdMCHaFnDMts5gqFnWRPLajWtEnI+3hlET4R9fVoZng=="
    },
    "smoke-run": {
      "version": "1.4.0",
      "resolved": "https://registry.npmjs.org/smoke-run/-/smoke-run-1.4.0.tgz",
      "integrity": "sha512-yPHCkKmaqQ4JPrFQSojTElK/bmtnPgoV89wodW8hKVMz93ZDHgN4X8k7R6Yeqt1/P5nD9ophszxeTjCSGze2pg==",
      "dev": true
    },
    "smoke-task": {
      "version": "1.1.4",
      "resolved": "https://registry.npmjs.org/smoke-task/-/smoke-task-1.1.4.tgz",
      "integrity": "sha512-BbgBKIbwg19bNt847PQgFJUgxPniPv6ETZ6u+yF8QSPfO+lfjNKpmjrrJgaUgbLDHT3iZ589kRqwg5rieTTTlA==",
      "dev": true
    },
    "typescript": {
      "version": "4.2.4",
      "resolved": "https://registry.npmjs.org/typescript/-/typescript-4.2.4.tgz",
      "integrity": "sha512-V+evlYHZnQkaz8TRBuxTA92yZBPotr5H+WhQ7bD3hZUndx5tGOa1fuCgeSjxAzM1RiN5IzvadIXTVefuuwZCRg==",
      "dev": true
    }
  }
}
